
Microsoft Visual Studio Solution File, Format Version 12.00
# Visual Studio Version 17
VisualStudioVersion = 17.4.33213.308
MinimumVisualStudioVersion = 10.0.40219.1
Project("{9A19103F-16F7-4668-BE54-9A1E7A4F7556}") = "NewsClassifier", "NewsClassifier\NewsClassifier.csproj", "{E6C09CBB-B56A-4CDD-8B05-B995B3416A70}"
EndProject
Project("{9A19103F-16F7-4668-BE54-9A1E7A4F7556}") = "NewsClassifierModel", "NewsClassifierModel\NewsClassifierModel.csproj", "{1BCB327A-79CD-4B07-AF70-D5CCA0980246}"
EndProject
Project("{9A19103F-16F7-4668-BE54-9A1E7A4F7556}") = "NewsClassifierTrainer", "NewsClassifierTrainer\NewsClassifierTrainer.csproj", "{FB3642F9-99D9-45E0-8932-97BE051DFB4A}"
EndProject
Project("{FAE04EC0-301F-11D3-BF4B-00C04F79EFBC}") = "NewsClassifierApi", "NewsClassifierApi\NewsClassifierApi.csproj", "{A1FC62BF-EF7F-467B-80EA-A24F20F807DA}"
EndProject
Global
	GlobalSection(SolutionConfigurationPlatforms) = preSolution
		Debug|Any CPU = Debug|Any CPU
		Release|Any CPU = Release|Any CPU
	EndGlobalSection
	GlobalSection(ProjectConfigurationPlatforms) = postSolution
		{E6C09CBB-B56A-4CDD-8B05-B995B3416A70}.Debug|Any CPU.ActiveCfg = Debug|Any CPU
		{E6C09CBB-B56A-4CDD-8B05-B995B3416A70}.Debug|Any CPU.Build.0 = Debug|Any CPU
		{E6C09CBB-B56A-4CDD-8B05-B995B3416A70}.Release|Any CPU.ActiveCfg = Release|Any CPU
		{E6C09CBB-B56A-4CDD-8B05-B995B3416A70}.Release|Any CPU.Build.0 = Release|Any CPU
		{1BCB327A-79CD-4B07-AF70-D5CCA0980246}.Debug|Any CPU.ActiveCfg = Debug|Any CPU
		{1BCB327A-79CD-4B07-AF70-D5CCA0980246}.Debug|Any CPU.Build.0 = Debug|Any CPU
		{1BCB327A-79CD-4B07-AF70-D5CCA0980246}.Release|Any CPU.ActiveCfg = Release|Any CPU
		{1BCB327A-79CD-4B07-AF70-D5CCA0980246}.Release|Any CPU.Build.0 = Release|Any CPU
		{FB3642F9-99D9-45E0-8932-97BE051DFB4A}.Debug|Any CPU.ActiveCfg = Debug|Any CPU
		{FB3642F9-99D9-45E0-8932-97BE051DFB4A}.Debug|Any CPU.Build.0 = Debug|Any CPU
		{FB3642F9-99D9-45E0-8932-97BE051DFB4A}.Release|Any CPU.ActiveCfg = Release|Any CPU
		{FB3642F9-99D9-45E0-8932-97BE051DFB4A}.Release|Any CPU.Build.0 = Release|Any CPU
		{A1FC62BF-EF7F-467B-80EA-A24F20F807DA}.Debug|Any CPU.ActiveCfg = Debug|Any CPU
		{A1FC62BF-EF7F-467B-80EA-A24F20F807DA}.Debug|Any CPU.Build.0 = Debug|Any CPU
		{A1FC62BF-EF7F-467B-80EA-A24F20F807DA}.Release|Any CPU.ActiveCfg = Release|Any CPU
		{A1FC62BF-EF7F-467B-80EA-A24F20F807DA}.Release|Any CPU.Build.0 = Release|Any CPU
	EndGlobalSection
	GlobalSection(SolutionProperties) = preSolution
		HideSolutionNode = FALSE
	EndGlobalSection
	GlobalSection(ExtensibilityGlobals) = postSolution
		SolutionGuid = {270A7E66-5DAC-4131-9545-C421767DC355}
	EndGlobalSection
EndGlobal
